// !$*UTF8*$!
{
	archiveVersion = 1;
	classes = {
	};
	objectVersion = 46;
	objects = {

/* Begin PBXBuildFile section */
		94F9100C1CBAF56A00095651 /* AppDelegate.swift in Sources */ = {isa = PBXBuildFile; fileRef = 94F9100B1CBAF56A00095651 /* AppDelegate.swift */; };
		94F9100E1CBAF56A00095651 /* ViewController.swift in Sources */ = {isa = PBXBuildFile; fileRef = 94F9100D1CBAF56A00095651 /* ViewController.swift */; };
		94F910111CBAF56A00095651 /* Main.storyboard in Resources */ = {isa = PBXBuildFile; fileRef = 94F9100F1CBAF56A00095651 /* Main.storyboard */; };
		94F910141CBAF56A00095651 /* Recipes.xcdatamodeld in Sources */ = {isa = PBXBuildFile; fileRef = 94F910121CBAF56A00095651 /* Recipes.xcdatamodeld */; };
		94F910161CBAF56A00095651 /* Assets.xcassets in Resources */ = {isa = PBXBuildFile; fileRef = 94F910151CBAF56A00095651 /* Assets.xcassets */; };
		94F910191CBAF56A00095651 /* LaunchScreen.storyboard in Resources */ = {isa = PBXBuildFile; fileRef = 94F910171CBAF56A00095651 /* LaunchScreen.storyboard */; };
		94F910271CBAFC2700095651 /* Recipe+CoreDataProperties.swift in Sources */ = {isa = PBXBuildFile; fileRef = 94F910251CBAFC2700095651 /* Recipe+CoreDataProperties.swift */; };
		94F910281CBAFC2700095651 /* Recipe.swift in Sources */ = {isa = PBXBuildFile; fileRef = 94F910261CBAFC2700095651 /* Recipe.swift */; };
		94F9102A1CBAFDB400095651 /* TableViewCell.swift in Sources */ = {isa = PBXBuildFile; fileRef = 94F910291CBAFDB400095651 /* TableViewCell.swift */; };
		94F9102C1CBC377500095651 /* CreateRecipeVC.swift in Sources */ = {isa = PBXBuildFile; fileRef = 94F9102B1CBC377500095651 /* CreateRecipeVC.swift */; };
/* End PBXBuildFile section */

/* Begin PBXFileReference section */
		94F910081CBAF56900095651 /* Recipes.app */ = {isa = PBXFileReference; explicitFileType = wrapper.application; includeInIndex = 0; path = Recipes.app; sourceTree = BUILT_PRODUCTS_DIR; };
		94F9100B1CBAF56A00095651 /* AppDelegate.swift */ = {isa = PBXFileReference; lastKnownFileType = sourcecode.swift; path = AppDelegate.swift; sourceTree = "<group>"; };
		94F9100D1CBAF56A00095651 /* ViewController.swift */ = {isa = PBXFileReference; lastKnownFileType = sourcecode.swift; path = ViewController.swift; sourceTree = "<group>"; };
		94F910101CBAF56A00095651 /* Base */ = {isa = PBXFileReference; lastKnownFileType = file.storyboard; name = Base; path = Base.lproj/Main.storyboard; sourceTree = "<group>"; };
		94F910131CBAF56A00095651 /* Recipes.xcdatamodel */ = {isa = PBXFileReference; lastKnownFileType = wrapper.xcdatamodel; path = Recipes.xcdatamodel; sourceTree = "<group>"; };
		94F910151CBAF56A00095651 /* Assets.xcassets */ = {isa = PBXFileReference; lastKnownFileType = folder.assetcatalog; path = Assets.xcassets; sourceTree = "<group>"; };
		94F910181CBAF56A00095651 /* Base */ = {isa = PBXFileReference; lastKnownFileType = file.storyboard; name = Base; path = Base.lproj/LaunchScreen.storyboard; sourceTree = "<group>"; };
		94F9101A1CBAF56A00095651 /* Info.plist */ = {isa = PBXFileReference; lastKnownFileType = text.plist.xml; path = Info.plist; sourceTree = "<group>"; };
		94F910251CBAFC2700095651 /* Recipe+CoreDataProperties.swift */ = {isa = PBXFileReference; fileEncoding = 4; lastKnownFileType = sourcecode.swift; path = "Recipe+CoreDataProperties.swift"; sourceTree = "<group>"; };
		94F910261CBAFC2700095651 /* Recipe.swift */ = {isa = PBXFileReference; fileEncoding = 4; lastKnownFileType = sourcecode.swift; path = Recipe.swift; sourceTree = "<group>"; };
		94F910291CBAFDB400095651 /* TableViewCell.swift */ = {isa = PBXFileReference; fileEncoding = 4; lastKnownFileType = sourcecode.swift; path = TableViewCell.swift; sourceTree = "<group>"; };
		94F9102B1CBC377500095651 /* CreateRecipeVC.swift */ = {isa = PBXFileReference; fileEncoding = 4; lastKnownFileType = sourcecode.swift; path = CreateRecipeVC.swift; sourceTree = "<group>"; };
/* End PBXFileReference section */

/* Begin PBXFrameworksBuildPhase section */
		94F910051CBAF56900095651 /* Frameworks */ = {
			isa = PBXFrameworksBuildPhase;
			buildActionMask = 2147483647;
			files = (
			);
			runOnlyForDeploymentPostprocessing = 0;
		};
/* End PBXFrameworksBuildPhase section */

/* Begin PBXGroup section */
		94F90FFF1CBAF56900095651 = {
			isa = PBXGroup;
			children = (
				94F9100A1CBAF56A00095651 /* Recipes */,
				94F910091CBAF56900095651 /* Products */,
			);
			sourceTree = "<group>";
		};
		94F910091CBAF56900095651 /* Products */ = {
			isa = PBXGroup;
			children = (
				94F910081CBAF56900095651 /* Recipes.app */,
			);
			name = Products;
			sourceTree = "<group>";
		};
		94F9100A1CBAF56A00095651 /* Recipes */ = {
			isa = PBXGroup;
			children = (
				94F9100B1CBAF56A00095651 /* AppDelegate.swift */,
				94F910221CBAF64300095651 /* Model */,
				94F910211CBAF63D00095651 /* View */,
				94F910201CBAF63500095651 /* Controller */,
				94F910151CBAF56A00095651 /* Assets.xcassets */,
				94F910171CBAF56A00095651 /* LaunchScreen.storyboard */,
				94F9101A1CBAF56A00095651 /* Info.plist */,
				94F910121CBAF56A00095651 /* Recipes.xcdatamodeld */,
			);
			path = Recipes;
			sourceTree = "<group>";
		};
		94F910201CBAF63500095651 /* Controller */ = {
			isa = PBXGroup;
			children = (
				94F9100D1CBAF56A00095651 /* ViewController.swift */,
				94F9102B1CBC377500095651 /* CreateRecipeVC.swift */,
			);
			name = Controller;
			sourceTree = "<group>";
		};
		94F910211CBAF63D00095651 /* View */ = {
			isa = PBXGroup;
			children = (
				94F9100F1CBAF56A00095651 /* Main.storyboard */,
				94F910291CBAFDB400095651 /* TableViewCell.swift */,
			);
			name = View;
			sourceTree = "<group>";
		};
		94F910221CBAF64300095651 /* Model */ = {
			isa = PBXGroup;
			children = (
				94F910251CBAFC2700095651 /* Recipe+CoreDataProperties.swift */,
				94F910261CBAFC2700095651 /* Recipe.swift */,
			);
			name = Model;
			sourceTree = "<group>";
		};
/* End PBXGroup section */

/* Begin PBXNativeTarget section */
		94F910071CBAF56900095651 /* Recipes */ = {
			isa = PBXNativeTarget;
			buildConfigurationList = 94F9101D1CBAF56A00095651 /* Build configuration list for PBXNativeTarget "Recipes" */;
			buildPhases = (
				94F910041CBAF56900095651 /* Sources */,
				94F910051CBAF56900095651 /* Frameworks */,
				94F910061CBAF56900095651 /* Resources */,
			);
			buildRules = (
			);
			dependencies = (
			);
			name = Recipes;
			productName = Recipes;
			productReference = 94F910081CBAF56900095651 /* Recipes.app */;
			productType = "com.apple.product-type.application";
		};
/* End PBXNativeTarget section */

/* Begin PBXProject section */
		94F910001CBAF56900095651 /* Project object */ = {
			isa = PBXProject;
			attributes = {
				LastSwiftUpdateCheck = 0730;
				LastUpgradeCheck = 0730;
				ORGANIZATIONNAME = "Ryan Collins";
				TargetAttributes = {
					94F910071CBAF56900095651 = {
						CreatedOnToolsVersion = 7.3;
						DevelopmentTeam = 8VF4S3W85G;
					};
				};
			};
			buildConfigurationList = 94F910031CBAF56900095651 /* Build configuration list for PBXProject "Recipes" */;
			compatibilityVersion = "Xcode 3.2";
			developmentRegion = English;
			hasScannedForEncodings = 0;
			knownRegions = (
				en,
				Base,
			);
			mainGroup = 94F90FFF1CBAF56900095651;
			productRefGroup = 94F910091CBAF56900095651 /* Products */;
			projectDirPath = "";
			projectRoot = "";
			targets = (
				94F910071CBAF56900095651 /* Recipes */,
			);
		};
/* End PBXProject section */

/* Begin PBXResourcesBuildPhase section */
		94F910061CBAF56900095651 /* Resources */ = {
			isa = PBXResourcesBuildPhase;
			buildActionMask = 2147483647;
			files = (
				94F910191CBAF56A00095651 /* LaunchScreen.storyboard in Resources */,
				94F910161CBAF56A00095651 /* Assets.xcassets in Resources */,
				94F910111CBAF56A00095651 /* Main.storyboard in Resources */,
			);
			runOnlyForDeploymentPostprocessing = 0;
		};
/* End PBXResourcesBuildPhase section */

/* Begin PBXSourcesBuildPhase section */
		94F910041CBAF56900095651 /* Sources */ = {
			isa = PBXSourcesBuildPhase;
			buildActionMask = 2147483647;
			files = (
				94F9100E1CBAF56A00095651 /* ViewController.swift in Sources */,
				94F910271CBAFC2700095651 /* Recipe+CoreDataProperties.swift in Sources */,
				94F9100C1CBAF56A00095651 /* AppDelegate.swift in Sources */,
				94F9102A1CBAFDB400095651 /* TableViewCell.swift in Sources */,
				94F9102C1CBC377500095651 /* CreateRecipeVC.swift in Sources */,
				94F910141CBAF56A00095651 /* Recipes.xcdatamodeld in Sources */,
				94F910281CBAFC2700095651 /* Recipe.swift in Sources */,
			);
			runOnlyForDeploymentPostprocessing = 0;
		};
/* End PBXSourcesBuildPhase section */

/* Begin PBXVariantGroup section */
		94F9100F1CBAF56A00095651 /* Main.storyboard */ = {
			isa = PBXVariantGroup;
			children = (
				94F910101CBAF56A00095651 /* Base */,
			);
			name = Main.storyboard;
			sourceTree = "<group>";
		};
		94F910171CBAF56A00095651 /* LaunchScreen.storyboard */ = {
			isa = PBXVariantGroup;
			children = (
				94F910181CBAF56A00095651 /* Base */,
			);
			name = LaunchScreen.storyboard;
			sourceTree = "<group>";
		};
/* End PBXVariantGroup section */

/* Begin XCBuildConfiguration section */
		94F9101B1CBAF56A00095651 /* Debug */ = {
			isa = XCBuildConfiguration;
			buildSettings = {
				ALWAYS_SEARCH_USER_PATHS = NO;
				CLANG_ANALYZER_NONNULL = YES;
				CLANG_CXX_LANGUAGE_STANDARD = "gnu++0x";
				CLANG_CXX_LIBRARY = "libc++";
				CLANG_ENABLE_MODULES = YES;
				CLANG_ENABLE_OBJC_ARC = YES;
				CLANG_WARN_BOOL_CONVERSION = YES;
				CLANG_WARN_CONSTANT_CONVERSION = YES;
				CLANG_WARN_DIRECT_OBJC_ISA_USAGE = YES_ERROR;
				CLANG_WARN_EMPTY_BODY = YES;
				CLANG_WARN_ENUM_CONVERSION = YES;
				CLANG_WARN_INT_CONVERSION = YES;
				CLANG_WARN_OBJC_ROOT_CLASS = YES_ERROR;
				CLANG_WARN_UNREACHABLE_CODE = YES;
				CLANG_WARN__DUPLICATE_METHOD_MATCH = YES;
				"CODE_SIGN_IDENTITY[sdk=iphoneos*]" = "iPhone Developer";
				COPY_PHASE_STRIP = NO;
				DEBUG_INFORMATION_FORMAT = dwarf;
				ENABLE_STRICT_OBJC_MSGSEND = YES;
				ENABLE_TESTABILITY = YES;
				GCC_C_LANGUAGE_STANDARD = gnu99;
				GCC_DYNAMIC_NO_PIC = NO;
				GCC_NO_COMMON_BLOCKS = YES;
				GCC_OPTIMIZATION_LEVEL = 0;
				GCC_PREPROCESSOR_DEFINITIONS = (
					"DEBUG=1",
					"$(inherited)",
				);
				GCC_WARN_64_TO_32_BIT_CONVERSION = YES;
				GCC_WARN_ABOUT_RETURN_TYPE = YES_ERROR;
				GCC_WARN_UNDECLARED_SELECTOR = YES;
				GCC_WARN_UNINITIALIZED_AUTOS = YES_AGGRESSIVE;
				GCC_WARN_UNUSED_FUNCTION = YES;
				GCC_WARN_UNUSED_VARIABLE = YES;
				IPHONEOS_DEPLOYMENT_TARGET = 9.3;
				MTL_ENABLE_DEBUG_INFO = YES;
				ONLY_ACTIVE_ARCH = YES;
				SDKROOT = iphoneos;
				SWIFT_OPTIMIZATION_LEVEL = "-Onone";
				TARGETED_DEVICE_FAMILY = "1,2";
			};
			name = Debug;
		};
		94F9101C1CBAF56A00095651 /* Release */ = {
			isa = XCBuildConfiguration;
			buildSettings = {
				ALWAYS_SEARCH_USER_PATHS = NO;
				CLANG_ANALYZER_NONNULL = YES;
				CLANG_CXX_LANGUAGE_STANDARD = "gnu++0x";
				CLANG_CXX_LIBRARY = "libc++";
				CLANG_ENABLE_MODULES = YES;
				CLANG_ENABLE_OBJC_ARC = YES;
				CLANG_WARN_BOOL_CONVERSION = YES;
				CLANG_WARN_CONSTANT_CONVERSION = YES;
				CLANG_WARN_DIRECT_OBJC_ISA_USAGE = YES_ERROR;
				CLANG_WARN_EMPTY_BODY = YES;
				CLANG_WARN_ENUM_CONVERSION = YES;
				CLANG_WARN_INT_CONVERSION = YES;
				CLANG_WARN_OBJC_ROOT_CLASS = YES_ERROR;
				CLANG_WARN_UNREACHABLE_CODE = YES;
				CLANG_WARN__DUPLICATE_METHOD_MATCH = YES;
				"CODE_SIGN_IDENTITY[sdk=iphoneos*]" = "iPhone Developer";
				COPY_PHASE_STRIP = NO;
				DEBUG_INFORMATION_FORMAT = "dwarf-with-dsym";
				ENABLE_NS_ASSERTIONS = NO;
				ENABLE_STRICT_OBJC_MSGSEND = YES;
				GCC_C_LANGUAGE_STANDARD = gnu99;
				GCC_NO_COMMON_BLOCKS = YES;
				GCC_WARN_64_TO_32_BIT_CONVERSION = YES;
				GCC_WARN_ABOUT_RETURN_TYPE = YES_ERROR;
				GCC_WARN_UNDECLARED_SELECTOR = YES;
				GCC_WARN_UNINITIALIZED_AUTOS = YES_AGGRESSIVE;
				GCC_WARN_UNUSED_FUNCTION = YES;
				GCC_WARN_UNUSED_VARIABLE = YES;
				IPHONEOS_DEPLOYMENT_TARGET = 9.3;
				MTL_ENABLE_DEBUG_INFO = NO;
				SDKROOT = iphoneos;
				TARGETED_DEVICE_FAMILY = "1,2";
				VALIDATE_PRODUCT = YES;
			};
			name = Release;
		};
		94F9101E1CBAF56A00095651 /* Debug */ = {
			isa = XCBuildConfiguration;
			buildSettings = {
				ASSETCATALOG_COMPILER_APPICON_NAME = AppIcon;
				CODE_SIGN_IDENTITY = "iPhone Developer";
				INFOPLIST_FILE = Recipes/Info.plist;
				LD_RUNPATH_SEARCH_PATHS = "$(inherited) @executable_path/Frameworks";
				PRODUCT_BUNDLE_IDENTIFIER = com.ryanmcollins.Recipes;
				PRODUCT_NAME = "$(TARGET_NAME)";
			};
			name = Debug;
		};
		94F9101F1CBAF56A00095651 /* Release */ = {
			isa = XCBuildConfiguration;
			buildSettings = {
				ASSETCATALOG_COMPILER_APPICON_NAME = AppIcon;
				CODE_SIGN_IDENTITY = "iPhone Developer";
				INFOPLIST_FILE = Recipes/Info.plist;
				LD_RUNPATH_SEARCH_PATHS = "$(inherited) @executable_path/Frameworks";
				PRODUCT_BUNDLE_IDENTIFIER = com.ryanmcollins.Recipes;
				PRODUCT_NAME = "$(TARGET_NAME)";
			};
			name = Release;
		};
/* End XCBuildConfiguration section */

/* Begin XCConfigurationList section */
		94F910031CBAF56900095651 /* Build configuration list for PBXProject "Recipes" */ = {
			isa = XCConfigurationList;
			buildConfigurations = (
				94F9101B1CBAF56A00095651 /* Debug */,
				94F9101C1CBAF56A00095651 /* Release */,
			);
			defaultConfigurationIsVisible = 0;
			defaultConfigurationName = Release;
		};
		94F9101D1CBAF56A00095651 /* Build configuration list for PBXNativeTarget "Recipes" */ = {
			isa = XCConfigurationList;
			buildConfigurations = (
				94F9101E1CBAF56A00095651 /* Debug */,
				94F9101F1CBAF56A00095651 /* Release */,
			);
			defaultConfigurationIsVisible = 0;
		};
/* End XCConfigurationList section */

/* Begin XCVersionGroup section */
		94F910121CBAF56A00095651 /* Recipes.xcdatamodeld */ = {
			isa = XCVersionGroup;
			children = (
				94F910131CBAF56A00095651 /* Recipes.xcdatamodel */,
			);
			currentVersion = 94F910131CBAF56A00095651 /* Recipes.xcdatamodel */;
			path = Recipes.xcdatamodeld;
			sourceTree = "<group>";
			versionGroupType = wrapper.xcdatamodel;
		};
/* End XCVersionGroup section */
	};
	rootObject = 94F910001CBAF56900095651 /* Project object */;
}
